
Microsoft Visual Studio Solution File, Format Version 12.00
# Visual Studio Version 16
VisualStudioVersion = 16.0.30907.101
MinimumVisualStudioVersion = 10.0.40219.1
Project("{FAE04EC0-301F-11D3-BF4B-00C04F79EFBC}") = "TodoProject", "TodoProject\TodoProject.csproj", "{A3A933D1-112D-45C6-9B95-54731A2BD639}"
EndProject
Global
	GlobalSection(SolutionConfigurationPlatforms) = preSolution
		Debug|Any CPU = Debug|Any CPU
		Release|Any CPU = Release|Any CPU
	EndGlobalSection
	GlobalSection(ProjectConfigurationPlatforms) = postSolution
		{A3A933D1-112D-45C6-9B95-54731A2BD639}.Debug|Any CPU.ActiveCfg = Debug|Any CPU
		{A3A933D1-112D-45C6-9B95-54731A2BD639}.Debug|Any CPU.Build.0 = Debug|Any CPU
		{A3A933D1-112D-45C6-9B95-54731A2BD639}.Release|Any CPU.ActiveCfg = Release|Any CPU
		{A3A933D1-112D-45C6-9B95-54731A2BD639}.Release|Any CPU.Build.0 = Release|Any CPU
	EndGlobalSection
	GlobalSection(SolutionProperties) = preSolution
		HideSolutionNode = FALSE
	EndGlobalSection
	GlobalSection(ExtensibilityGlobals) = postSolution
		SolutionGuid = {D0B0EAA0-C011-43B6-8F95-00E0E347D685}
	EndGlobalSection
EndGlobal
